
Microsoft Visual Studio Solution File, Format Version 12.00
# Visual Studio Version 16
VisualStudioVersion = 16.0.32630.194
MinimumVisualStudioVersion = 10.0.40219.1
Project("{FAE04EC0-301F-11D3-BF4B-00C04F79EFBC}") = "ClinicaWeb", "ClinicaWeb\ClinicaWeb.csproj", "{96BAD1D2-5318-49E0-A34A-ADE2BC9D9268}"
EndProject
Project("{FAE04EC0-301F-11D3-BF4B-00C04F79EFBC}") = "Modelo", "Modelo\Modelo.csproj", "{4C2F4D50-3593-4A98-809F-BA505090F4D4}"
EndProject
Global
	GlobalSection(SolutionConfigurationPlatforms) = preSolution
		Debug|Any CPU = Debug|Any CPU
		Release|Any CPU = Release|Any CPU
	EndGlobalSection
	GlobalSection(ProjectConfigurationPlatforms) = postSolution
		{96BAD1D2-5318-49E0-A34A-ADE2BC9D9268}.Debug|Any CPU.ActiveCfg = Debug|Any CPU
		{96BAD1D2-5318-49E0-A34A-ADE2BC9D9268}.Debug|Any CPU.Build.0 = Debug|Any CPU
		{96BAD1D2-5318-49E0-A34A-ADE2BC9D9268}.Release|Any CPU.ActiveCfg = Release|Any CPU
		{96BAD1D2-5318-49E0-A34A-ADE2BC9D9268}.Release|Any CPU.Build.0 = Release|Any CPU
		{4C2F4D50-3593-4A98-809F-BA505090F4D4}.Debug|Any CPU.ActiveCfg = Debug|Any CPU
		{4C2F4D50-3593-4A98-809F-BA505090F4D4}.Debug|Any CPU.Build.0 = Debug|Any CPU
		{4C2F4D50-3593-4A98-809F-BA505090F4D4}.Release|Any CPU.ActiveCfg = Release|Any CPU
		{4C2F4D50-3593-4A98-809F-BA505090F4D4}.Release|Any CPU.Build.0 = Release|Any CPU
	EndGlobalSection
	GlobalSection(SolutionProperties) = preSolution
		HideSolutionNode = FALSE
	EndGlobalSection
	GlobalSection(ExtensibilityGlobals) = postSolution
		SolutionGuid = {E1400F2E-B690-4F83-A893-38F013BB63D6}
	EndGlobalSection
EndGlobal
